
Microsoft Visual Studio Solution File, Format Version 12.00
# Visual Studio Version 16
VisualStudioVersion = 16.0.31729.503
MinimumVisualStudioVersion = 10.0.40219.1
Project("{8BC9CEB8-8B4A-11D0-8D11-00A0C91BC942}") = "9_datastorage", "9_datastorage\9_datastorage.vcxproj", "{BBA8443B-0CCC-4E66-AECD-A36496D35695}"
EndProject
Global
	GlobalSection(SolutionConfigurationPlatforms) = preSolution
		Debug|x64 = Debug|x64
		Debug|x86 = Debug|x86
		Release|x64 = Release|x64
		Release|x86 = Release|x86
	EndGlobalSection
	GlobalSection(ProjectConfigurationPlatforms) = postSolution
		{BBA8443B-0CCC-4E66-AECD-A36496D35695}.Debug|x64.ActiveCfg = Debug|x64
		{BBA8443B-0CCC-4E66-AECD-A36496D35695}.Debug|x64.Build.0 = Debug|x64
		{BBA8443B-0CCC-4E66-AECD-A36496D35695}.Debug|x86.ActiveCfg = Debug|Win32
		{BBA8443B-0CCC-4E66-AECD-A36496D35695}.Debug|x86.Build.0 = Debug|Win32
		{BBA8443B-0CCC-4E66-AECD-A36496D35695}.Release|x64.ActiveCfg = Release|x64
		{BBA8443B-0CCC-4E66-AECD-A36496D35695}.Release|x64.Build.0 = Release|x64
		{BBA8443B-0CCC-4E66-AECD-A36496D35695}.Release|x86.ActiveCfg = Release|Win32
		{BBA8443B-0CCC-4E66-AECD-A36496D35695}.Release|x86.Build.0 = Release|Win32
	EndGlobalSection
	GlobalSection(SolutionProperties) = preSolution
		HideSolutionNode = FALSE
	EndGlobalSection
	GlobalSection(ExtensibilityGlobals) = postSolution
		SolutionGuid = {1F9AA300-2760-41E0-98D3-B2C2331BFB61}
	EndGlobalSection
EndGlobal
